// !$*UTF8*$!
{
	archiveVersion = 1;
	classes = {
	};
	objectVersion = 46;
	objects = {

/* Begin PBXBuildFile section */
		B70A5B9719CB041100079CDF /* main.m in Sources */ = {isa = PBXBuildFile; fileRef = B70A5B9619CB041100079CDF /* main.m */; };
		B70A5B9A19CB041100079CDF /* AppDelegate.m in Sources */ = {isa = PBXBuildFile; fileRef = B70A5B9919CB041100079CDF /* AppDelegate.m */; };
		B70A5B9D19CB041100079CDF /* ViewController.m in Sources */ = {isa = PBXBuildFile; fileRef = B70A5B9C19CB041100079CDF /* ViewController.m */; };
		B70A5BA019CB041100079CDF /* Main.storyboard in Resources */ = {isa = PBXBuildFile; fileRef = B70A5B9E19CB041100079CDF /* Main.storyboard */; };
		B70A5BA219CB041100079CDF /* Images.xcassets in Resources */ = {isa = PBXBuildFile; fileRef = B70A5BA119CB041100079CDF /* Images.xcassets */; };
		B70A5BA519CB041100079CDF /* LaunchScreen.xib in Resources */ = {isa = PBXBuildFile; fileRef = B70A5BA319CB041100079CDF /* LaunchScreen.xib */; };
		B72777DF19CB15EC000C973B /* NSString+Japanese.m in Sources */ = {isa = PBXBuildFile; fileRef = B72777DE19CB15EC000C973B /* NSString+Japanese.m */; };
		B72B24C619D96934006CDD0C /* RubyViewOSX.m in Sources */ = {isa = PBXBuildFile; fileRef = B73E68D619CD388500418974 /* RubyViewOSX.m */; };
		B72B24D019D96C72006CDD0C /* main.m in Sources */ = {isa = PBXBuildFile; fileRef = B72B24CF19D96C72006CDD0C /* main.m */; };
		B72B24D319D96C72006CDD0C /* Document.m in Sources */ = {isa = PBXBuildFile; fileRef = B72B24D219D96C72006CDD0C /* Document.m */; };
		B72B24D819D96C72006CDD0C /* Images.xcassets in Resources */ = {isa = PBXBuildFile; fileRef = B72B24D719D96C72006CDD0C /* Images.xcassets */; };
		B72B24DB19D96C72006CDD0C /* MainMenu.xib in Resources */ = {isa = PBXBuildFile; fileRef = B72B24D919D96C72006CDD0C /* MainMenu.xib */; };
		B72B24F119D96CA8006CDD0C /* WindowController.m in Sources */ = {isa = PBXBuildFile; fileRef = B72B24EF19D96CA8006CDD0C /* WindowController.m */; };
		B72B24F219D96CA8006CDD0C /* WindowController.xib in Resources */ = {isa = PBXBuildFile; fileRef = B72B24F019D96CA8006CDD0C /* WindowController.xib */; };
		B72B24F319D96E0A006CDD0C /* RubyViewOSX.m in Sources */ = {isa = PBXBuildFile; fileRef = B73E68D619CD388500418974 /* RubyViewOSX.m */; };
		B72B24F419D970AE006CDD0C /* NSString+Japanese.m in Sources */ = {isa = PBXBuildFile; fileRef = B72777DE19CB15EC000C973B /* NSString+Japanese.m */; };
		B73757D419D96505008CDC85 /* RubyWindowController.m in Sources */ = {isa = PBXBuildFile; fileRef = B73E68D119CD370B00418974 /* RubyWindowController.m */; };
		B73E68B519CD36CE00418974 /* main.m in Sources */ = {isa = PBXBuildFile; fileRef = B73E68B419CD36CE00418974 /* main.m */; };
		B73E68B819CD36CE00418974 /* AppDelegate.m in Sources */ = {isa = PBXBuildFile; fileRef = B73E68B719CD36CE00418974 /* AppDelegate.m */; };
		B73E68BA19CD36CE00418974 /* Images.xcassets in Resources */ = {isa = PBXBuildFile; fileRef = B73E68B919CD36CE00418974 /* Images.xcassets */; };
		B73E68BD19CD36CE00418974 /* MainMenu.xib in Resources */ = {isa = PBXBuildFile; fileRef = B73E68BB19CD36CE00418974 /* MainMenu.xib */; };
		B73E68D419CD370B00418974 /* RubyWindowController.xib in Resources */ = {isa = PBXBuildFile; fileRef = B73E68D219CD370B00418974 /* RubyWindowController.xib */; };
		B73E68DB19CD538000418974 /* NSString+Japanese.m in Sources */ = {isa = PBXBuildFile; fileRef = B72777DE19CB15EC000C973B /* NSString+Japanese.m */; };
		B76D29C519D00EFC00CA3696 /* FullScreenViewController.m in Sources */ = {isa = PBXBuildFile; fileRef = B76D29C419D00EFC00CA3696 /* FullScreenViewController.m */; };
		B7E18D0819CB0A99005CEB0B /* RubyView.m in Sources */ = {isa = PBXBuildFile; fileRef = B7E18D0719CB0A99005CEB0B /* RubyView.m */; };
/* End PBXBuildFile section */

/* Begin PBXCopyFilesBuildPhase section */
		B72777F819CBCC52000C973B /* Embed App Extensions */ = {
			isa = PBXCopyFilesBuildPhase;
			buildActionMask = 2147483647;
			dstPath = "";
			dstSubfolderSpec = 13;
			files = (
			);
			name = "Embed App Extensions";
			runOnlyForDeploymentPostprocessing = 0;
		};
/* End PBXCopyFilesBuildPhase section */

/* Begin PBXFileReference section */
		B70A5B9119CB041100079CDF /* SimpleFurigana.app */ = {isa = PBXFileReference; explicitFileType = wrapper.application; includeInIndex = 0; path = SimpleFurigana.app; sourceTree = BUILT_PRODUCTS_DIR; };
		B70A5B9519CB041100079CDF /* Info.plist */ = {isa = PBXFileReference; lastKnownFileType = text.plist.xml; path = Info.plist; sourceTree = "<group>"; };
		B70A5B9619CB041100079CDF /* main.m */ = {isa = PBXFileReference; lastKnownFileType = sourcecode.c.objc; path = main.m; sourceTree = "<group>"; };
		B70A5B9819CB041100079CDF /* AppDelegate.h */ = {isa = PBXFileReference; lastKnownFileType = sourcecode.c.h; path = AppDelegate.h; sourceTree = "<group>"; };
		B70A5B9919CB041100079CDF /* AppDelegate.m */ = {isa = PBXFileReference; lastKnownFileType = sourcecode.c.objc; path = AppDelegate.m; sourceTree = "<group>"; };
		B70A5B9B19CB041100079CDF /* ViewController.h */ = {isa = PBXFileReference; lastKnownFileType = sourcecode.c.h; path = ViewController.h; sourceTree = "<group>"; };
		B70A5B9C19CB041100079CDF /* ViewController.m */ = {isa = PBXFileReference; lastKnownFileType = sourcecode.c.objc; path = ViewController.m; sourceTree = "<group>"; };
		B70A5B9F19CB041100079CDF /* Base */ = {isa = PBXFileReference; lastKnownFileType = file.storyboard; name = Base; path = Base.lproj/Main.storyboard; sourceTree = "<group>"; };
		B70A5BA119CB041100079CDF /* Images.xcassets */ = {isa = PBXFileReference; lastKnownFileType = folder.assetcatalog; path = Images.xcassets; sourceTree = "<group>"; };
		B70A5BA419CB041100079CDF /* Base */ = {isa = PBXFileReference; lastKnownFileType = file.xib; name = Base; path = Base.lproj/LaunchScreen.xib; sourceTree = "<group>"; };
		B70A5BAF19CB041100079CDF /* Info.plist */ = {isa = PBXFileReference; lastKnownFileType = text.plist.xml; path = Info.plist; sourceTree = "<group>"; };
		B70A5BB019CB041100079CDF /* RubyTestTests.m */ = {isa = PBXFileReference; lastKnownFileType = sourcecode.c.objc; path = RubyTestTests.m; sourceTree = "<group>"; };
		B72777DD19CB15EC000C973B /* NSString+Japanese.h */ = {isa = PBXFileReference; fileEncoding = 4; lastKnownFileType = sourcecode.c.h; path = "NSString+Japanese.h"; sourceTree = "<group>"; };
		B72777DE19CB15EC000C973B /* NSString+Japanese.m */ = {isa = PBXFileReference; fileEncoding = 4; lastKnownFileType = sourcecode.c.objc; path = "NSString+Japanese.m"; sourceTree = "<group>"; };
		B72B24CB19D96C72006CDD0C /* RubyViewOSX.app */ = {isa = PBXFileReference; explicitFileType = wrapper.application; includeInIndex = 0; path = RubyViewOSX.app; sourceTree = BUILT_PRODUCTS_DIR; };
		B72B24CE19D96C72006CDD0C /* Info.plist */ = {isa = PBXFileReference; lastKnownFileType = text.plist.xml; path = Info.plist; sourceTree = "<group>"; };
		B72B24CF19D96C72006CDD0C /* main.m */ = {isa = PBXFileReference; lastKnownFileType = sourcecode.c.objc; path = main.m; sourceTree = "<group>"; };
		B72B24D119D96C72006CDD0C /* Document.h */ = {isa = PBXFileReference; lastKnownFileType = sourcecode.c.h; path = Document.h; sourceTree = "<group>"; };
		B72B24D219D96C72006CDD0C /* Document.m */ = {isa = PBXFileReference; lastKnownFileType = sourcecode.c.objc; path = Document.m; sourceTree = "<group>"; };
		B72B24D719D96C72006CDD0C /* Images.xcassets */ = {isa = PBXFileReference; lastKnownFileType = folder.assetcatalog; path = Images.xcassets; sourceTree = "<group>"; };
		B72B24DA19D96C72006CDD0C /* Base */ = {isa = PBXFileReference; lastKnownFileType = file.xib; name = Base; path = Base.lproj/MainMenu.xib; sourceTree = "<group>"; };
		B72B24E519D96C73006CDD0C /* Info.plist */ = {isa = PBXFileReference; lastKnownFileType = text.plist.xml; path = Info.plist; sourceTree = "<group>"; };
		B72B24E619D96C73006CDD0C /* RubyViewOSXTests.m */ = {isa = PBXFileReference; lastKnownFileType = sourcecode.c.objc; path = RubyViewOSXTests.m; sourceTree = "<group>"; };
		B72B24EE19D96CA8006CDD0C /* WindowController.h */ = {isa = PBXFileReference; fileEncoding = 4; lastKnownFileType = sourcecode.c.h; path = WindowController.h; sourceTree = "<group>"; };
		B72B24EF19D96CA8006CDD0C /* WindowController.m */ = {isa = PBXFileReference; fileEncoding = 4; lastKnownFileType = sourcecode.c.objc; path = WindowController.m; sourceTree = "<group>"; };
		B72B24F019D96CA8006CDD0C /* WindowController.xib */ = {isa = PBXFileReference; fileEncoding = 4; lastKnownFileType = file.xib; path = WindowController.xib; sourceTree = "<group>"; };
		B737579F19D92EA9008CDC85 /* de */ = {isa = PBXFileReference; lastKnownFileType = text.plist.strings; name = de; path = de.lproj/Main.strings; sourceTree = "<group>"; };
		B73757A019D92EA9008CDC85 /* de */ = {isa = PBXFileReference; lastKnownFileType = text.plist.strings; name = de; path = de.lproj/LaunchScreen.strings; sourceTree = "<group>"; };
		B73757A119D92EA9008CDC85 /* de */ = {isa = PBXFileReference; lastKnownFileType = text.plist.strings; name = de; path = de.lproj/MainMenu.strings; sourceTree = "<group>"; };
		B73757A219D92EAF008CDC85 /* ja */ = {isa = PBXFileReference; lastKnownFileType = text.plist.strings; name = ja; path = ja.lproj/Main.strings; sourceTree = "<group>"; };
		B73757A319D92EAF008CDC85 /* ja */ = {isa = PBXFileReference; lastKnownFileType = text.plist.strings; name = ja; path = ja.lproj/LaunchScreen.strings; sourceTree = "<group>"; };
		B73757A419D92EAF008CDC85 /* ja */ = {isa = PBXFileReference; lastKnownFileType = text.plist.strings; name = ja; path = ja.lproj/MainMenu.strings; sourceTree = "<group>"; };
		B73E68B019CD36CE00418974 /* RubyOSX.app */ = {isa = PBXFileReference; explicitFileType = wrapper.application; includeInIndex = 0; path = RubyOSX.app; sourceTree = BUILT_PRODUCTS_DIR; };
		B73E68B319CD36CE00418974 /* Info.plist */ = {isa = PBXFileReference; lastKnownFileType = text.plist.xml; path = Info.plist; sourceTree = "<group>"; };
		B73E68B419CD36CE00418974 /* main.m */ = {isa = PBXFileReference; lastKnownFileType = sourcecode.c.objc; path = main.m; sourceTree = "<group>"; };
		B73E68B619CD36CE00418974 /* AppDelegate.h */ = {isa = PBXFileReference; lastKnownFileType = sourcecode.c.h; path = AppDelegate.h; sourceTree = "<group>"; };
		B73E68B719CD36CE00418974 /* AppDelegate.m */ = {isa = PBXFileReference; lastKnownFileType = sourcecode.c.objc; path = AppDelegate.m; sourceTree = "<group>"; };
		B73E68B919CD36CE00418974 /* Images.xcassets */ = {isa = PBXFileReference; lastKnownFileType = folder.assetcatalog; path = Images.xcassets; sourceTree = "<group>"; };
		B73E68BC19CD36CE00418974 /* Base */ = {isa = PBXFileReference; lastKnownFileType = file.xib; name = Base; path = Base.lproj/MainMenu.xib; sourceTree = "<group>"; };
		B73E68C719CD36CE00418974 /* Info.plist */ = {isa = PBXFileReference; lastKnownFileType = text.plist.xml; path = Info.plist; sourceTree = "<group>"; };
		B73E68C819CD36CE00418974 /* RubyOSXTests.m */ = {isa = PBXFileReference; lastKnownFileType = sourcecode.c.objc; path = RubyOSXTests.m; sourceTree = "<group>"; };
		B73E68D019CD370B00418974 /* RubyWindowController.h */ = {isa = PBXFileReference; fileEncoding = 4; lastKnownFileType = sourcecode.c.h; path = RubyWindowController.h; sourceTree = "<group>"; };
		B73E68D119CD370B00418974 /* RubyWindowController.m */ = {isa = PBXFileReference; fileEncoding = 4; lastKnownFileType = sourcecode.c.objc; path = RubyWindowController.m; sourceTree = "<group>"; };
		B73E68D219CD370B00418974 /* RubyWindowController.xib */ = {isa = PBXFileReference; fileEncoding = 4; lastKnownFileType = file.xib; path = RubyWindowController.xib; sourceTree = "<group>"; };
		B73E68D519CD388500418974 /* RubyViewOSX.h */ = {isa = PBXFileReference; fileEncoding = 4; lastKnownFileType = sourcecode.c.h; path = RubyViewOSX.h; sourceTree = "<group>"; };
		B73E68D619CD388500418974 /* RubyViewOSX.m */ = {isa = PBXFileReference; fileEncoding = 4; lastKnownFileType = sourcecode.c.objc; path = RubyViewOSX.m; sourceTree = "<group>"; };
		B76D29C319D00EFC00CA3696 /* FullScreenViewController.h */ = {isa = PBXFileReference; fileEncoding = 4; lastKnownFileType = sourcecode.c.h; path = FullScreenViewController.h; sourceTree = "<group>"; };
		B76D29C419D00EFC00CA3696 /* FullScreenViewController.m */ = {isa = PBXFileReference; fileEncoding = 4; lastKnownFileType = sourcecode.c.objc; path = FullScreenViewController.m; sourceTree = "<group>"; };
		B7E18D0619CB0A99005CEB0B /* RubyView.h */ = {isa = PBXFileReference; fileEncoding = 4; lastKnownFileType = sourcecode.c.h; path = RubyView.h; sourceTree = "<group>"; };
		B7E18D0719CB0A99005CEB0B /* RubyView.m */ = {isa = PBXFileReference; fileEncoding = 4; lastKnownFileType = sourcecode.c.objc; path = RubyView.m; sourceTree = "<group>"; };
/* End PBXFileReference section */

/* Begin PBXFrameworksBuildPhase section */
		B70A5B8E19CB041100079CDF /* Frameworks */ = {
			isa = PBXFrameworksBuildPhase;
			buildActionMask = 2147483647;
			files = (
			);
			runOnlyForDeploymentPostprocessing = 0;
		};
		B72B24C819D96C72006CDD0C /* Frameworks */ = {
			isa = PBXFrameworksBuildPhase;
			buildActionMask = 2147483647;
			files = (
			);
			runOnlyForDeploymentPostprocessing = 0;
		};
		B73E68AD19CD36CE00418974 /* Frameworks */ = {
			isa = PBXFrameworksBuildPhase;
			buildActionMask = 2147483647;
			files = (
			);
			runOnlyForDeploymentPostprocessing = 0;
		};
/* End PBXFrameworksBuildPhase section */

/* Begin PBXGroup section */
		B70A5B8819CB041100079CDF = {
			isa = PBXGroup;
			children = (
				B72777DD19CB15EC000C973B /* NSString+Japanese.h */,
				B72777DE19CB15EC000C973B /* NSString+Japanese.m */,
				B70A5B9319CB041100079CDF /* RubyTest */,
				B70A5BAD19CB041100079CDF /* RubyTestTests */,
				B73E68B119CD36CE00418974 /* RubyOSX */,
				B72B24CC19D96C72006CDD0C /* RubyViewOSX */,
				B73E68C519CD36CE00418974 /* RubyOSXTests */,
				B72B24E319D96C73006CDD0C /* RubyViewOSXTests */,
				B70A5B9219CB041100079CDF /* Products */,
			);
			sourceTree = "<group>";
		};
		B70A5B9219CB041100079CDF /* Products */ = {
			isa = PBXGroup;
			children = (
				B70A5B9119CB041100079CDF /* SimpleFurigana.app */,
				B73E68B019CD36CE00418974 /* RubyOSX.app */,
				B72B24CB19D96C72006CDD0C /* RubyViewOSX.app */,
			);
			name = Products;
			sourceTree = "<group>";
		};
		B70A5B9319CB041100079CDF /* RubyTest */ = {
			isa = PBXGroup;
			children = (
				B70A5B9819CB041100079CDF /* AppDelegate.h */,
				B70A5B9919CB041100079CDF /* AppDelegate.m */,
				B70A5B9B19CB041100079CDF /* ViewController.h */,
				B70A5B9C19CB041100079CDF /* ViewController.m */,
				B7E18D0619CB0A99005CEB0B /* RubyView.h */,
				B7E18D0719CB0A99005CEB0B /* RubyView.m */,
				B70A5B9E19CB041100079CDF /* Main.storyboard */,
				B76D29C319D00EFC00CA3696 /* FullScreenViewController.h */,
				B76D29C419D00EFC00CA3696 /* FullScreenViewController.m */,
				B70A5BA119CB041100079CDF /* Images.xcassets */,
				B70A5BA319CB041100079CDF /* LaunchScreen.xib */,
				B70A5B9419CB041100079CDF /* Supporting Files */,
			);
			path = RubyTest;
			sourceTree = "<group>";
		};
		B70A5B9419CB041100079CDF /* Supporting Files */ = {
			isa = PBXGroup;
			children = (
				B70A5B9519CB041100079CDF /* Info.plist */,
				B70A5B9619CB041100079CDF /* main.m */,
			);
			name = "Supporting Files";
			sourceTree = "<group>";
		};
		B70A5BAD19CB041100079CDF /* RubyTestTests */ = {
			isa = PBXGroup;
			children = (
				B70A5BB019CB041100079CDF /* RubyTestTests.m */,
				B70A5BAE19CB041100079CDF /* Supporting Files */,
			);
			path = RubyTestTests;
			sourceTree = "<group>";
		};
		B70A5BAE19CB041100079CDF /* Supporting Files */ = {
			isa = PBXGroup;
			children = (
				B70A5BAF19CB041100079CDF /* Info.plist */,
			);
			name = "Supporting Files";
			sourceTree = "<group>";
		};
		B72B24CC19D96C72006CDD0C /* RubyViewOSX */ = {
			isa = PBXGroup;
			children = (
				B72B24D119D96C72006CDD0C /* Document.h */,
				B72B24D219D96C72006CDD0C /* Document.m */,
				B72B24EE19D96CA8006CDD0C /* WindowController.h */,
				B72B24EF19D96CA8006CDD0C /* WindowController.m */,
				B72B24F019D96CA8006CDD0C /* WindowController.xib */,
				B72B24D719D96C72006CDD0C /* Images.xcassets */,
				B72B24D919D96C72006CDD0C /* MainMenu.xib */,
				B72B24CD19D96C72006CDD0C /* Supporting Files */,
			);
			path = RubyViewOSX;
			sourceTree = "<group>";
		};
		B72B24CD19D96C72006CDD0C /* Supporting Files */ = {
			isa = PBXGroup;
			children = (
				B72B24CE19D96C72006CDD0C /* Info.plist */,
				B72B24CF19D96C72006CDD0C /* main.m */,
			);
			name = "Supporting Files";
			sourceTree = "<group>";
		};
		B72B24E319D96C73006CDD0C /* RubyViewOSXTests */ = {
			isa = PBXGroup;
			children = (
				B72B24E619D96C73006CDD0C /* RubyViewOSXTests.m */,
				B72B24E419D96C73006CDD0C /* Supporting Files */,
			);
			path = RubyViewOSXTests;
			sourceTree = "<group>";
		};
		B72B24E419D96C73006CDD0C /* Supporting Files */ = {
			isa = PBXGroup;
			children = (
				B72B24E519D96C73006CDD0C /* Info.plist */,
			);
			name = "Supporting Files";
			sourceTree = "<group>";
		};
		B73E68B119CD36CE00418974 /* RubyOSX */ = {
			isa = PBXGroup;
			children = (
				B73E68D519CD388500418974 /* RubyViewOSX.h */,
				B73E68D619CD388500418974 /* RubyViewOSX.m */,
				B73E68D019CD370B00418974 /* RubyWindowController.h */,
				B73E68D119CD370B00418974 /* RubyWindowController.m */,
				B73E68B619CD36CE00418974 /* AppDelegate.h */,
				B73E68B719CD36CE00418974 /* AppDelegate.m */,
				B73E68B919CD36CE00418974 /* Images.xcassets */,
				B73E68BB19CD36CE00418974 /* MainMenu.xib */,
				B73E68D219CD370B00418974 /* RubyWindowController.xib */,
				B73E68B219CD36CE00418974 /* Supporting Files */,
			);
			path = RubyOSX;
			sourceTree = "<group>";
		};
		B73E68B219CD36CE00418974 /* Supporting Files */ = {
			isa = PBXGroup;
			children = (
				B73E68B319CD36CE00418974 /* Info.plist */,
				B73E68B419CD36CE00418974 /* main.m */,
			);
			name = "Supporting Files";
			sourceTree = "<group>";
		};
		B73E68C519CD36CE00418974 /* RubyOSXTests */ = {
			isa = PBXGroup;
			children = (
				B73E68C819CD36CE00418974 /* RubyOSXTests.m */,
				B73E68C619CD36CE00418974 /* Supporting Files */,
			);
			path = RubyOSXTests;
			sourceTree = "<group>";
		};
		B73E68C619CD36CE00418974 /* Supporting Files */ = {
			isa = PBXGroup;
			children = (
				B73E68C719CD36CE00418974 /* Info.plist */,
			);
			name = "Supporting Files";
			sourceTree = "<group>";
		};
/* End PBXGroup section */

/* Begin PBXNativeTarget section */
		B70A5B9019CB041100079CDF /* SimpleFurigana */ = {
			isa = PBXNativeTarget;
			buildConfigurationList = B70A5BB419CB041100079CDF /* Build configuration list for PBXNativeTarget "SimpleFurigana" */;
			buildPhases = (
				B70A5B8D19CB041100079CDF /* Sources */,
				B70A5B8E19CB041100079CDF /* Frameworks */,
				B70A5B8F19CB041100079CDF /* Resources */,
				B72777F819CBCC52000C973B /* Embed App Extensions */,
			);
			buildRules = (
			);
			dependencies = (
			);
			name = SimpleFurigana;
			productName = RubyTest;
			productReference = B70A5B9119CB041100079CDF /* SimpleFurigana.app */;
			productType = "com.apple.product-type.application";
		};
		B72B24CA19D96C72006CDD0C /* RubyViewOSX */ = {
			isa = PBXNativeTarget;
			buildConfigurationList = B72B24E819D96C73006CDD0C /* Build configuration list for PBXNativeTarget "RubyViewOSX" */;
			buildPhases = (
				B72B24C719D96C72006CDD0C /* Sources */,
				B72B24C819D96C72006CDD0C /* Frameworks */,
				B72B24C919D96C72006CDD0C /* Resources */,
			);
			buildRules = (
			);
			dependencies = (
			);
			name = RubyViewOSX;
			productName = RubyViewOSX;
			productReference = B72B24CB19D96C72006CDD0C /* RubyViewOSX.app */;
			productType = "com.apple.product-type.application";
		};
		B73E68AF19CD36CE00418974 /* RubyOSX */ = {
			isa = PBXNativeTarget;
			buildConfigurationList = B73E68CA19CD36CE00418974 /* Build configuration list for PBXNativeTarget "RubyOSX" */;
			buildPhases = (
				B73E68AC19CD36CE00418974 /* Sources */,
				B73E68AD19CD36CE00418974 /* Frameworks */,
				B73E68AE19CD36CE00418974 /* Resources */,
			);
			buildRules = (
			);
			dependencies = (
			);
			name = RubyOSX;
			productName = RubyOSX;
			productReference = B73E68B019CD36CE00418974 /* RubyOSX.app */;
			productType = "com.apple.product-type.application";
		};
/* End PBXNativeTarget section */

/* Begin PBXProject section */
		B70A5B8919CB041100079CDF /* Project object */ = {
			isa = PBXProject;
			attributes = {
				LastUpgradeCheck = 0610;
				ORGANIZATIONNAME = "Morten Bertz";
				TargetAttributes = {
					B70A5B9019CB041100079CDF = {
						CreatedOnToolsVersion = 6.1;
					};
					B72B24CA19D96C72006CDD0C = {
						CreatedOnToolsVersion = 6.0.1;
					};
					B73E68AF19CD36CE00418974 = {
						CreatedOnToolsVersion = 6.0.1;
					};
				};
			};
			buildConfigurationList = B70A5B8C19CB041100079CDF /* Build configuration list for PBXProject "RubyTest" */;
			compatibilityVersion = "Xcode 3.2";
			developmentRegion = English;
			hasScannedForEncodings = 0;
			knownRegions = (
				en,
				Base,
			);
			mainGroup = B70A5B8819CB041100079CDF;
			productRefGroup = B70A5B9219CB041100079CDF /* Products */;
			projectDirPath = "";
			projectRoot = "";
			targets = (
				B70A5B9019CB041100079CDF /* SimpleFurigana */,
				B73E68AF19CD36CE00418974 /* RubyOSX */,
				B72B24CA19D96C72006CDD0C /* RubyViewOSX */,
			);
		};
/* End PBXProject section */

/* Begin PBXResourcesBuildPhase section */
		B70A5B8F19CB041100079CDF /* Resources */ = {
			isa = PBXResourcesBuildPhase;
			buildActionMask = 2147483647;
			files = (
				B70A5BA019CB041100079CDF /* Main.storyboard in Resources */,
				B70A5BA519CB041100079CDF /* LaunchScreen.xib in Resources */,
				B70A5BA219CB041100079CDF /* Images.xcassets in Resources */,
			);
			runOnlyForDeploymentPostprocessing = 0;
		};
		B72B24C919D96C72006CDD0C /* Resources */ = {
			isa = PBXResourcesBuildPhase;
			buildActionMask = 2147483647;
			files = (
				B72B24F219D96CA8006CDD0C /* WindowController.xib in Resources */,
				B72B24D819D96C72006CDD0C /* Images.xcassets in Resources */,
				B72B24DB19D96C72006CDD0C /* MainMenu.xib in Resources */,
			);
			runOnlyForDeploymentPostprocessing = 0;
		};
		B73E68AE19CD36CE00418974 /* Resources */ = {
			isa = PBXResourcesBuildPhase;
			buildActionMask = 2147483647;
			files = (
				B73E68BA19CD36CE00418974 /* Images.xcassets in Resources */,
				B73E68BD19CD36CE00418974 /* MainMenu.xib in Resources */,
				B73E68D419CD370B00418974 /* RubyWindowController.xib in Resources */,
			);
			runOnlyForDeploymentPostprocessing = 0;
		};
/* End PBXResourcesBuildPhase section */

/* Begin PBXSourcesBuildPhase section */
		B70A5B8D19CB041100079CDF /* Sources */ = {
			isa = PBXSourcesBuildPhase;
			buildActionMask = 2147483647;
			files = (
				B72777DF19CB15EC000C973B /* NSString+Japanese.m in Sources */,
				B70A5B9D19CB041100079CDF /* ViewController.m in Sources */,
				B70A5B9A19CB041100079CDF /* AppDelegate.m in Sources */,
				B7E18D0819CB0A99005CEB0B /* RubyView.m in Sources */,
				B70A5B9719CB041100079CDF /* main.m in Sources */,
				B76D29C519D00EFC00CA3696 /* FullScreenViewController.m in Sources */,
			);
			runOnlyForDeploymentPostprocessing = 0;
		};
		B72B24C719D96C72006CDD0C /* Sources */ = {
			isa = PBXSourcesBuildPhase;
			buildActionMask = 2147483647;
			files = (
				B72B24F419D970AE006CDD0C /* NSString+Japanese.m in Sources */,
				B72B24D319D96C72006CDD0C /* Document.m in Sources */,
				B72B24F119D96CA8006CDD0C /* WindowController.m in Sources */,
				B72B24D019D96C72006CDD0C /* main.m in Sources */,
				B72B24F319D96E0A006CDD0C /* RubyViewOSX.m in Sources */,
			);
			runOnlyForDeploymentPostprocessing = 0;
		};
		B73E68AC19CD36CE00418974 /* Sources */ = {
			isa = PBXSourcesBuildPhase;
			buildActionMask = 2147483647;
			files = (
				B73E68DB19CD538000418974 /* NSString+Japanese.m in Sources */,
				B73E68B819CD36CE00418974 /* AppDelegate.m in Sources */,
				B73E68B519CD36CE00418974 /* main.m in Sources */,
				B72B24C619D96934006CDD0C /* RubyViewOSX.m in Sources */,
				B73757D419D96505008CDC85 /* RubyWindowController.m in Sources */,
			);
			runOnlyForDeploymentPostprocessing = 0;
		};
/* End PBXSourcesBuildPhase section */

/* Begin PBXVariantGroup section */
		B70A5B9E19CB041100079CDF /* Main.storyboard */ = {
			isa = PBXVariantGroup;
			children = (
				B70A5B9F19CB041100079CDF /* Base */,
				B737579F19D92EA9008CDC85 /* de */,
				B73757A219D92EAF008CDC85 /* ja */,
			);
			name = Main.storyboard;
			sourceTree = "<group>";
		};
		B70A5BA319CB041100079CDF /* LaunchScreen.xib */ = {
			isa = PBXVariantGroup;
			children = (
				B70A5BA419CB041100079CDF /* Base */,
				B73757A019D92EA9008CDC85 /* de */,
				B73757A319D92EAF008CDC85 /* ja */,
			);
			name = LaunchScreen.xib;
			sourceTree = "<group>";
		};
		B72B24D919D96C72006CDD0C /* MainMenu.xib */ = {
			isa = PBXVariantGroup;
			children = (
				B72B24DA19D96C72006CDD0C /* Base */,
			);
			name = MainMenu.xib;
			sourceTree = "<group>";
		};
		B73E68BB19CD36CE00418974 /* MainMenu.xib */ = {
			isa = PBXVariantGroup;
			children = (
				B73E68BC19CD36CE00418974 /* Base */,
				B73757A119D92EA9008CDC85 /* de */,
				B73757A419D92EAF008CDC85 /* ja */,
			);
			name = MainMenu.xib;
			sourceTree = "<group>";
		};
/* End PBXVariantGroup section */

/* Begin XCBuildConfiguration section */
		B70A5BB219CB041100079CDF /* Debug */ = {
			isa = XCBuildConfiguration;
			buildSettings = {
				ALWAYS_SEARCH_USER_PATHS = NO;
				CLANG_CXX_LANGUAGE_STANDARD = "gnu++0x";
				CLANG_CXX_LIBRARY = "libc++";
				CLANG_ENABLE_MODULES = YES;
				CLANG_ENABLE_OBJC_ARC = YES;
				CLANG_WARN_BOOL_CONVERSION = YES;
				CLANG_WARN_CONSTANT_CONVERSION = YES;
				CLANG_WARN_DIRECT_OBJC_ISA_USAGE = YES_ERROR;
				CLANG_WARN_EMPTY_BODY = YES;
				CLANG_WARN_ENUM_CONVERSION = YES;
				CLANG_WARN_INT_CONVERSION = YES;
				CLANG_WARN_OBJC_ROOT_CLASS = YES_ERROR;
				CLANG_WARN_UNREACHABLE_CODE = YES;
				CLANG_WARN__DUPLICATE_METHOD_MATCH = YES;
				"CODE_SIGN_IDENTITY[sdk=iphoneos*]" = "iPhone Developer";
				COPY_PHASE_STRIP = NO;
				ENABLE_STRICT_OBJC_MSGSEND = YES;
				GCC_C_LANGUAGE_STANDARD = gnu99;
				GCC_DYNAMIC_NO_PIC = NO;
				GCC_OPTIMIZATION_LEVEL = 0;
				GCC_PREPROCESSOR_DEFINITIONS = (
					"DEBUG=1",
					"$(inherited)",
				);
				GCC_SYMBOLS_PRIVATE_EXTERN = NO;
				GCC_WARN_64_TO_32_BIT_CONVERSION = YES;
				GCC_WARN_ABOUT_RETURN_TYPE = YES_ERROR;
				GCC_WARN_UNDECLARED_SELECTOR = YES;
				GCC_WARN_UNINITIALIZED_AUTOS = YES_AGGRESSIVE;
				GCC_WARN_UNUSED_FUNCTION = YES;
				GCC_WARN_UNUSED_VARIABLE = YES;
				IPHONEOS_DEPLOYMENT_TARGET = 8.0;
				MTL_ENABLE_DEBUG_INFO = YES;
				ONLY_ACTIVE_ARCH = YES;
				SDKROOT = iphoneos;
			};
			name = Debug;
		};
		B70A5BB319CB041100079CDF /* Release */ = {
			isa = XCBuildConfiguration;
			buildSettings = {
				ALWAYS_SEARCH_USER_PATHS = NO;
				CLANG_CXX_LANGUAGE_STANDARD = "gnu++0x";
				CLANG_CXX_LIBRARY = "libc++";
				CLANG_ENABLE_MODULES = YES;
				CLANG_ENABLE_OBJC_ARC = YES;
				CLANG_WARN_BOOL_CONVERSION = YES;
				CLANG_WARN_CONSTANT_CONVERSION = YES;
				CLANG_WARN_DIRECT_OBJC_ISA_USAGE = YES_ERROR;
				CLANG_WARN_EMPTY_BODY = YES;
				CLANG_WARN_ENUM_CONVERSION = YES;
				CLANG_WARN_INT_CONVERSION = YES;
				CLANG_WARN_OBJC_ROOT_CLASS = YES_ERROR;
				CLANG_WARN_UNREACHABLE_CODE = YES;
				CLANG_WARN__DUPLICATE_METHOD_MATCH = YES;
				"CODE_SIGN_IDENTITY[sdk=iphoneos*]" = "iPhone Developer";
				COPY_PHASE_STRIP = YES;
				ENABLE_NS_ASSERTIONS = NO;
				ENABLE_STRICT_OBJC_MSGSEND = YES;
				GCC_C_LANGUAGE_STANDARD = gnu99;
				GCC_WARN_64_TO_32_BIT_CONVERSION = YES;
				GCC_WARN_ABOUT_RETURN_TYPE = YES_ERROR;
				GCC_WARN_UNDECLARED_SELECTOR = YES;
				GCC_WARN_UNINITIALIZED_AUTOS = YES_AGGRESSIVE;
				GCC_WARN_UNUSED_FUNCTION = YES;
				GCC_WARN_UNUSED_VARIABLE = YES;
				IPHONEOS_DEPLOYMENT_TARGET = 8.0;
				MTL_ENABLE_DEBUG_INFO = NO;
				SDKROOT = iphoneos;
				VALIDATE_PRODUCT = YES;
			};
			name = Release;
		};
		B70A5BB519CB041100079CDF /* Debug */ = {
			isa = XCBuildConfiguration;
			buildSettings = {
				ASSETCATALOG_COMPILER_APPICON_NAME = AppIcon;
				INFOPLIST_FILE = RubyTest/Info.plist;
				LD_RUNPATH_SEARCH_PATHS = "$(inherited) @executable_path/Frameworks";
				PRODUCT_NAME = "$(TARGET_NAME)";
				TARGETED_DEVICE_FAMILY = "1,2";
			};
			name = Debug;
		};
		B70A5BB619CB041100079CDF /* Release */ = {
			isa = XCBuildConfiguration;
			buildSettings = {
				ASSETCATALOG_COMPILER_APPICON_NAME = AppIcon;
				INFOPLIST_FILE = RubyTest/Info.plist;
				LD_RUNPATH_SEARCH_PATHS = "$(inherited) @executable_path/Frameworks";
				PRODUCT_NAME = "$(TARGET_NAME)";
				TARGETED_DEVICE_FAMILY = "1,2";
			};
			name = Release;
		};
		B72B24E919D96C73006CDD0C /* Debug */ = {
			isa = XCBuildConfiguration;
			buildSettings = {
				ASSETCATALOG_COMPILER_APPICON_NAME = AppIcon;
				CODE_SIGN_IDENTITY = "-";
				COMBINE_HIDPI_IMAGES = YES;
				GCC_PREPROCESSOR_DEFINITIONS = (
					"DEBUG=1",
					"$(inherited)",
				);
				INFOPLIST_FILE = RubyViewOSX/Info.plist;
				LD_RUNPATH_SEARCH_PATHS = "$(inherited) @executable_path/../Frameworks";
				MACOSX_DEPLOYMENT_TARGET = 10.9;
				PRODUCT_NAME = "$(TARGET_NAME)";
				SDKROOT = macosx;
			};
			name = Debug;
		};
		B72B24EA19D96C73006CDD0C /* Release */ = {
			isa = XCBuildConfiguration;
			buildSettings = {
				ASSETCATALOG_COMPILER_APPICON_NAME = AppIcon;
				CODE_SIGN_IDENTITY = "-";
				COMBINE_HIDPI_IMAGES = YES;
				DEBUG_INFORMATION_FORMAT = "dwarf-with-dsym";
				INFOPLIST_FILE = RubyViewOSX/Info.plist;
				LD_RUNPATH_SEARCH_PATHS = "$(inherited) @executable_path/../Frameworks";
				MACOSX_DEPLOYMENT_TARGET = 10.9;
				PRODUCT_NAME = "$(TARGET_NAME)";
				SDKROOT = macosx;
			};
			name = Release;
		};
		B73E68CB19CD36CE00418974 /* Debug */ = {
			isa = XCBuildConfiguration;
			buildSettings = {
				ASSETCATALOG_COMPILER_APPICON_NAME = AppIcon;
				CODE_SIGN_IDENTITY = "-";
				COMBINE_HIDPI_IMAGES = YES;
				GCC_PREPROCESSOR_DEFINITIONS = (
					"DEBUG=1",
					"$(inherited)",
				);
				INFOPLIST_FILE = RubyOSX/Info.plist;
				LD_RUNPATH_SEARCH_PATHS = "$(inherited) @executable_path/../Frameworks";
				MACOSX_DEPLOYMENT_TARGET = 10.9;
				PRODUCT_NAME = "$(TARGET_NAME)";
				SDKROOT = macosx;
			};
			name = Debug;
		};
		B73E68CC19CD36CE00418974 /* Release */ = {
			isa = XCBuildConfiguration;
			buildSettings = {
				ASSETCATALOG_COMPILER_APPICON_NAME = AppIcon;
				CODE_SIGN_IDENTITY = "-";
				COMBINE_HIDPI_IMAGES = YES;
				DEBUG_INFORMATION_FORMAT = "dwarf-with-dsym";
				INFOPLIST_FILE = RubyOSX/Info.plist;
				LD_RUNPATH_SEARCH_PATHS = "$(inherited) @executable_path/../Frameworks";
				MACOSX_DEPLOYMENT_TARGET = 10.9;
				PRODUCT_NAME = "$(TARGET_NAME)";
				SDKROOT = macosx;
			};
			name = Release;
		};
/* End XCBuildConfiguration section */

/* Begin XCConfigurationList section */
		B70A5B8C19CB041100079CDF /* Build configuration list for PBXProject "RubyTest" */ = {
			isa = XCConfigurationList;
			buildConfigurations = (
				B70A5BB219CB041100079CDF /* Debug */,
				B70A5BB319CB041100079CDF /* Release */,
			);
			defaultConfigurationIsVisible = 0;
			defaultConfigurationName = Release;
		};
		B70A5BB419CB041100079CDF /* Build configuration list for PBXNativeTarget "SimpleFurigana" */ = {
			isa = XCConfigurationList;
			buildConfigurations = (
				B70A5BB519CB041100079CDF /* Debug */,
				B70A5BB619CB041100079CDF /* Release */,
			);
			defaultConfigurationIsVisible = 0;
			defaultConfigurationName = Release;
		};
		B72B24E819D96C73006CDD0C /* Build configuration list for PBXNativeTarget "RubyViewOSX" */ = {
			isa = XCConfigurationList;
			buildConfigurations = (
				B72B24E919D96C73006CDD0C /* Debug */,
				B72B24EA19D96C73006CDD0C /* Release */,
			);
			defaultConfigurationIsVisible = 0;
			defaultConfigurationName = Release;
		};
		B73E68CA19CD36CE00418974 /* Build configuration list for PBXNativeTarget "RubyOSX" */ = {
			isa = XCConfigurationList;
			buildConfigurations = (
				B73E68CB19CD36CE00418974 /* Debug */,
				B73E68CC19CD36CE00418974 /* Release */,
			);
			defaultConfigurationIsVisible = 0;
			defaultConfigurationName = Release;
		};
/* End XCConfigurationList section */
	};
	rootObject = B70A5B8919CB041100079CDF /* Project object */;
}
